
Microsoft Visual Studio Solution File, Format Version 12.00
# Visual Studio 15
VisualStudioVersion = 15.0.28010.2036
MinimumVisualStudioVersion = 10.0.40219.1
Project("{FAE04EC0-301F-11D3-BF4B-00C04F79EFBC}") = "Buddhabrot", "Buddhabrot\Buddhabrot.csproj", "{20084679-135C-4E88-8FD4-7C8B76166F50}"
EndProject
Global
	GlobalSection(SolutionConfigurationPlatforms) = preSolution
		Debug|Any CPU = Debug|Any CPU
		Release|Any CPU = Release|Any CPU
	EndGlobalSection
	GlobalSection(ProjectConfigurationPlatforms) = postSolution
		{20084679-135C-4E88-8FD4-7C8B76166F50}.Debug|Any CPU.ActiveCfg = Debug|Any CPU
		{20084679-135C-4E88-8FD4-7C8B76166F50}.Debug|Any CPU.Build.0 = Debug|Any CPU
		{20084679-135C-4E88-8FD4-7C8B76166F50}.Release|Any CPU.ActiveCfg = Release|Any CPU
		{20084679-135C-4E88-8FD4-7C8B76166F50}.Release|Any CPU.Build.0 = Release|Any CPU
	EndGlobalSection
	GlobalSection(SolutionProperties) = preSolution
		HideSolutionNode = FALSE
	EndGlobalSection
	GlobalSection(ExtensibilityGlobals) = postSolution
		SolutionGuid = {5BDD6728-B0E6-4144-AE97-C3C2526FC129}
	EndGlobalSection
EndGlobal
